
Microsoft Visual Studio Solution File, Format Version 12.00
# Visual Studio Version 16
VisualStudioVersion = 16.0.30204.135
MinimumVisualStudioVersion = 10.0.40219.1
Project("{9A19103F-16F7-4668-BE54-9A1E7A4F7556}") = "LiquidMetrixTest", "LiquidMetrixTest\LiquidMetrixTest.csproj", "{549C43A7-055C-47AB-968D-B07AC909958F}"
EndProject
Project("{FAE04EC0-301F-11D3-BF4B-00C04F79EFBC}") = "LiquidMetrixTestTests", "LiquidMetrixTestTests\LiquidMetrixTestTests.csproj", "{1E3BE702-CB2B-4AAF-9F2D-E62B627D20F7}"
EndProject
Global
	GlobalSection(SolutionConfigurationPlatforms) = preSolution
		Debug|Any CPU = Debug|Any CPU
		Release|Any CPU = Release|Any CPU
	EndGlobalSection
	GlobalSection(ProjectConfigurationPlatforms) = postSolution
		{549C43A7-055C-47AB-968D-B07AC909958F}.Debug|Any CPU.ActiveCfg = Debug|Any CPU
		{549C43A7-055C-47AB-968D-B07AC909958F}.Debug|Any CPU.Build.0 = Debug|Any CPU
		{549C43A7-055C-47AB-968D-B07AC909958F}.Release|Any CPU.ActiveCfg = Release|Any CPU
		{549C43A7-055C-47AB-968D-B07AC909958F}.Release|Any CPU.Build.0 = Release|Any CPU
		{1E3BE702-CB2B-4AAF-9F2D-E62B627D20F7}.Debug|Any CPU.ActiveCfg = Debug|Any CPU
		{1E3BE702-CB2B-4AAF-9F2D-E62B627D20F7}.Debug|Any CPU.Build.0 = Debug|Any CPU
		{1E3BE702-CB2B-4AAF-9F2D-E62B627D20F7}.Release|Any CPU.ActiveCfg = Release|Any CPU
		{1E3BE702-CB2B-4AAF-9F2D-E62B627D20F7}.Release|Any CPU.Build.0 = Release|Any CPU
	EndGlobalSection
	GlobalSection(SolutionProperties) = preSolution
		HideSolutionNode = FALSE
	EndGlobalSection
	GlobalSection(ExtensibilityGlobals) = postSolution
		SolutionGuid = {8841B668-3617-4825-975F-BFFF8089F60C}
	EndGlobalSection
EndGlobal
